
Microsoft Visual Studio Solution File, Format Version 12.00
# Visual Studio Version 17
VisualStudioVersion = 17.10.35013.160
MinimumVisualStudioVersion = 10.0.40219.1
Project("{FAE04EC0-301F-11D3-BF4B-00C04F79EFBC}") = "AuroraVision_Controls", "AuroraVision_Controls\AuroraVision_Controls.csproj", "{5C89C57A-FE24-4DA6-B4B2-FA703092CA2A}"
EndProject
Global
	GlobalSection(SolutionConfigurationPlatforms) = preSolution
		Debug|Any CPU = Debug|Any CPU
		Release|Any CPU = Release|Any CPU
	EndGlobalSection
	GlobalSection(ProjectConfigurationPlatforms) = postSolution
		{5C89C57A-FE24-4DA6-B4B2-FA703092CA2A}.Debug|Any CPU.ActiveCfg = Debug|Any CPU
		{5C89C57A-FE24-4DA6-B4B2-FA703092CA2A}.Debug|Any CPU.Build.0 = Debug|Any CPU
		{5C89C57A-FE24-4DA6-B4B2-FA703092CA2A}.Release|Any CPU.ActiveCfg = Release|Any CPU
		{5C89C57A-FE24-4DA6-B4B2-FA703092CA2A}.Release|Any CPU.Build.0 = Release|Any CPU
	EndGlobalSection
	GlobalSection(SolutionProperties) = preSolution
		HideSolutionNode = FALSE
	EndGlobalSection
	GlobalSection(ExtensibilityGlobals) = postSolution
		SolutionGuid = {6CBC094F-50E6-415E-A092-61D6CDCD2609}
	EndGlobalSection
EndGlobal
